// !$*UTF8*$!
{
	archiveVersion = 1;
	classes = {
	};
	objectVersion = 46;
	objects = {

/* Begin PBXBuildFile section */
		FCC055721A8702CD00C9336C /* main.m in Sources */ = {isa = PBXBuildFile; fileRef = FCC055711A8702CD00C9336C /* main.m */; };
		FCC055751A8702CD00C9336C /* AppDelegate.m in Sources */ = {isa = PBXBuildFile; fileRef = FCC055741A8702CD00C9336C /* AppDelegate.m */; };
		FCC055781A8702CD00C9336C /* ViewController.m in Sources */ = {isa = PBXBuildFile; fileRef = FCC055771A8702CD00C9336C /* ViewController.m */; };
		FCC0557B1A8702CD00C9336C /* Main.storyboard in Resources */ = {isa = PBXBuildFile; fileRef = FCC055791A8702CD00C9336C /* Main.storyboard */; };
		FCC0557D1A8702CD00C9336C /* Images.xcassets in Resources */ = {isa = PBXBuildFile; fileRef = FCC0557C1A8702CD00C9336C /* Images.xcassets */; };
		FCC055801A8702CD00C9336C /* LaunchScreen.xib in Resources */ = {isa = PBXBuildFile; fileRef = FCC0557E1A8702CD00C9336C /* LaunchScreen.xib */; };
		FCC0558C1A8702CD00C9336C /* ScoreKeeperTableViewTests.m in Sources */ = {isa = PBXBuildFile; fileRef = FCC0558B1A8702CD00C9336C /* ScoreKeeperTableViewTests.m */; };
		FCC055971A87058F00C9336C /* SKTableViewDataSource.m in Sources */ = {isa = PBXBuildFile; fileRef = FCC055961A87058F00C9336C /* SKTableViewDataSource.m */; };
		FCC0559D1A871B9700C9336C /* SKTableViewCell.m in Sources */ = {isa = PBXBuildFile; fileRef = FCC0559C1A871B9700C9336C /* SKTableViewCell.m */; };
/* End PBXBuildFile section */

/* Begin PBXContainerItemProxy section */
		FCC055861A8702CD00C9336C /* PBXContainerItemProxy */ = {
			isa = PBXContainerItemProxy;
			containerPortal = FCC055641A8702CD00C9336C /* Project object */;
			proxyType = 1;
			remoteGlobalIDString = FCC0556B1A8702CD00C9336C;
			remoteInfo = ScoreKeeperTableView;
		};
/* End PBXContainerItemProxy section */

/* Begin PBXFileReference section */
		FCC0556C1A8702CD00C9336C /* ScoreKeeperTableView.app */ = {isa = PBXFileReference; explicitFileType = wrapper.application; includeInIndex = 0; path = ScoreKeeperTableView.app; sourceTree = BUILT_PRODUCTS_DIR; };
		FCC055701A8702CD00C9336C /* Info.plist */ = {isa = PBXFileReference; lastKnownFileType = text.plist.xml; path = Info.plist; sourceTree = "<group>"; };
		FCC055711A8702CD00C9336C /* main.m */ = {isa = PBXFileReference; lastKnownFileType = sourcecode.c.objc; path = main.m; sourceTree = "<group>"; };
		FCC055731A8702CD00C9336C /* AppDelegate.h */ = {isa = PBXFileReference; lastKnownFileType = sourcecode.c.h; path = AppDelegate.h; sourceTree = "<group>"; };
		FCC055741A8702CD00C9336C /* AppDelegate.m */ = {isa = PBXFileReference; lastKnownFileType = sourcecode.c.objc; path = AppDelegate.m; sourceTree = "<group>"; };
		FCC055761A8702CD00C9336C /* ViewController.h */ = {isa = PBXFileReference; lastKnownFileType = sourcecode.c.h; path = ViewController.h; sourceTree = "<group>"; };
		FCC055771A8702CD00C9336C /* ViewController.m */ = {isa = PBXFileReference; lastKnownFileType = sourcecode.c.objc; path = ViewController.m; sourceTree = "<group>"; };
		FCC0557A1A8702CD00C9336C /* Base */ = {isa = PBXFileReference; lastKnownFileType = file.storyboard; name = Base; path = Base.lproj/Main.storyboard; sourceTree = "<group>"; };
		FCC0557C1A8702CD00C9336C /* Images.xcassets */ = {isa = PBXFileReference; lastKnownFileType = folder.assetcatalog; path = Images.xcassets; sourceTree = "<group>"; };
		FCC0557F1A8702CD00C9336C /* Base */ = {isa = PBXFileReference; lastKnownFileType = file.xib; name = Base; path = Base.lproj/LaunchScreen.xib; sourceTree = "<group>"; };
		FCC055851A8702CD00C9336C /* ScoreKeeperTableViewTests.xctest */ = {isa = PBXFileReference; explicitFileType = wrapper.cfbundle; includeInIndex = 0; path = ScoreKeeperTableViewTests.xctest; sourceTree = BUILT_PRODUCTS_DIR; };
		FCC0558A1A8702CD00C9336C /* Info.plist */ = {isa = PBXFileReference; lastKnownFileType = text.plist.xml; path = Info.plist; sourceTree = "<group>"; };
		FCC0558B1A8702CD00C9336C /* ScoreKeeperTableViewTests.m */ = {isa = PBXFileReference; lastKnownFileType = sourcecode.c.objc; path = ScoreKeeperTableViewTests.m; sourceTree = "<group>"; };
		FCC055951A87058F00C9336C /* SKTableViewDataSource.h */ = {isa = PBXFileReference; fileEncoding = 4; lastKnownFileType = sourcecode.c.h; path = SKTableViewDataSource.h; sourceTree = "<group>"; };
		FCC055961A87058F00C9336C /* SKTableViewDataSource.m */ = {isa = PBXFileReference; fileEncoding = 4; lastKnownFileType = sourcecode.c.objc; path = SKTableViewDataSource.m; sourceTree = "<group>"; };
		FCC0559B1A871B9700C9336C /* SKTableViewCell.h */ = {isa = PBXFileReference; fileEncoding = 4; lastKnownFileType = sourcecode.c.h; path = SKTableViewCell.h; sourceTree = "<group>"; };
		FCC0559C1A871B9700C9336C /* SKTableViewCell.m */ = {isa = PBXFileReference; fileEncoding = 4; lastKnownFileType = sourcecode.c.objc; path = SKTableViewCell.m; sourceTree = "<group>"; };
/* End PBXFileReference section */

/* Begin PBXFrameworksBuildPhase section */
		FCC055691A8702CD00C9336C /* Frameworks */ = {
			isa = PBXFrameworksBuildPhase;
			buildActionMask = 2147483647;
			files = (
			);
			runOnlyForDeploymentPostprocessing = 0;
		};
		FCC055821A8702CD00C9336C /* Frameworks */ = {
			isa = PBXFrameworksBuildPhase;
			buildActionMask = 2147483647;
			files = (
			);
			runOnlyForDeploymentPostprocessing = 0;
		};
/* End PBXFrameworksBuildPhase section */

/* Begin PBXGroup section */
		FCC055631A8702CD00C9336C = {
			isa = PBXGroup;
			children = (
				FCC0556E1A8702CD00C9336C /* ScoreKeeperTableView */,
				FCC055881A8702CD00C9336C /* ScoreKeeperTableViewTests */,
				FCC0556D1A8702CD00C9336C /* Products */,
			);
			sourceTree = "<group>";
		};
		FCC0556D1A8702CD00C9336C /* Products */ = {
			isa = PBXGroup;
			children = (
				FCC0556C1A8702CD00C9336C /* ScoreKeeperTableView.app */,
				FCC055851A8702CD00C9336C /* ScoreKeeperTableViewTests.xctest */,
			);
			name = Products;
			sourceTree = "<group>";
		};
		FCC0556E1A8702CD00C9336C /* ScoreKeeperTableView */ = {
			isa = PBXGroup;
			children = (
				FCC055731A8702CD00C9336C /* AppDelegate.h */,
				FCC055741A8702CD00C9336C /* AppDelegate.m */,
				FCC055761A8702CD00C9336C /* ViewController.h */,
				FCC055771A8702CD00C9336C /* ViewController.m */,
				FCC055951A87058F00C9336C /* SKTableViewDataSource.h */,
				FCC055961A87058F00C9336C /* SKTableViewDataSource.m */,
				FCC0559B1A871B9700C9336C /* SKTableViewCell.h */,
				FCC0559C1A871B9700C9336C /* SKTableViewCell.m */,
				FCC055791A8702CD00C9336C /* Main.storyboard */,
				FCC0557C1A8702CD00C9336C /* Images.xcassets */,
				FCC0557E1A8702CD00C9336C /* LaunchScreen.xib */,
				FCC0556F1A8702CD00C9336C /* Supporting Files */,
			);
			path = ScoreKeeperTableView;
			sourceTree = "<group>";
		};
		FCC0556F1A8702CD00C9336C /* Supporting Files */ = {
			isa = PBXGroup;
			children = (
				FCC055701A8702CD00C9336C /* Info.plist */,
				FCC055711A8702CD00C9336C /* main.m */,
			);
			name = "Supporting Files";
			sourceTree = "<group>";
		};
		FCC055881A8702CD00C9336C /* ScoreKeeperTableViewTests */ = {
			isa = PBXGroup;
			children = (
				FCC0558B1A8702CD00C9336C /* ScoreKeeperTableViewTests.m */,
				FCC055891A8702CD00C9336C /* Supporting Files */,
			);
			path = ScoreKeeperTableViewTests;
			sourceTree = "<group>";
		};
		FCC055891A8702CD00C9336C /* Supporting Files */ = {
			isa = PBXGroup;
			children = (
				FCC0558A1A8702CD00C9336C /* Info.plist */,
			);
			name = "Supporting Files";
			sourceTree = "<group>";
		};
/* End PBXGroup section */

/* Begin PBXNativeTarget section */
		FCC0556B1A8702CD00C9336C /* ScoreKeeperTableView */ = {
			isa = PBXNativeTarget;
			buildConfigurationList = FCC0558F1A8702CD00C9336C /* Build configuration list for PBXNativeTarget "ScoreKeeperTableView" */;
			buildPhases = (
				FCC055681A8702CD00C9336C /* Sources */,
				FCC055691A8702CD00C9336C /* Frameworks */,
				FCC0556A1A8702CD00C9336C /* Resources */,
			);
			buildRules = (
			);
			dependencies = (
			);
			name = ScoreKeeperTableView;
			productName = ScoreKeeperTableView;
			productReference = FCC0556C1A8702CD00C9336C /* ScoreKeeperTableView.app */;
			productType = "com.apple.product-type.application";
		};
		FCC055841A8702CD00C9336C /* ScoreKeeperTableViewTests */ = {
			isa = PBXNativeTarget;
			buildConfigurationList = FCC055921A8702CD00C9336C /* Build configuration list for PBXNativeTarget "ScoreKeeperTableViewTests" */;
			buildPhases = (
				FCC055811A8702CD00C9336C /* Sources */,
				FCC055821A8702CD00C9336C /* Frameworks */,
				FCC055831A8702CD00C9336C /* Resources */,
			);
			buildRules = (
			);
			dependencies = (
				FCC055871A8702CD00C9336C /* PBXTargetDependency */,
			);
			name = ScoreKeeperTableViewTests;
			productName = ScoreKeeperTableViewTests;
			productReference = FCC055851A8702CD00C9336C /* ScoreKeeperTableViewTests.xctest */;
			productType = "com.apple.product-type.bundle.unit-test";
		};
/* End PBXNativeTarget section */

/* Begin PBXProject section */
		FCC055641A8702CD00C9336C /* Project object */ = {
			isa = PBXProject;
			attributes = {
				LastUpgradeCheck = 0610;
				ORGANIZATIONNAME = "Julien Guanzon";
				TargetAttributes = {
					FCC0556B1A8702CD00C9336C = {
						CreatedOnToolsVersion = 6.1.1;
					};
					FCC055841A8702CD00C9336C = {
						CreatedOnToolsVersion = 6.1.1;
						TestTargetID = FCC0556B1A8702CD00C9336C;
					};
				};
			};
			buildConfigurationList = FCC055671A8702CD00C9336C /* Build configuration list for PBXProject "ScoreKeeperTableView" */;
			compatibilityVersion = "Xcode 3.2";
			developmentRegion = English;
			hasScannedForEncodings = 0;
			knownRegions = (
				en,
				Base,
			);
			mainGroup = FCC055631A8702CD00C9336C;
			productRefGroup = FCC0556D1A8702CD00C9336C /* Products */;
			projectDirPath = "";
			projectRoot = "";
			targets = (
				FCC0556B1A8702CD00C9336C /* ScoreKeeperTableView */,
				FCC055841A8702CD00C9336C /* ScoreKeeperTableViewTests */,
			);
		};
/* End PBXProject section */

/* Begin PBXResourcesBuildPhase section */
		FCC0556A1A8702CD00C9336C /* Resources */ = {
			isa = PBXResourcesBuildPhase;
			buildActionMask = 2147483647;
			files = (
				FCC0557B1A8702CD00C9336C /* Main.storyboard in Resources */,
				FCC055801A8702CD00C9336C /* LaunchScreen.xib in Resources */,
				FCC0557D1A8702CD00C9336C /* Images.xcassets in Resources */,
			);
			runOnlyForDeploymentPostprocessing = 0;
		};
		FCC055831A8702CD00C9336C /* Resources */ = {
			isa = PBXResourcesBuildPhase;
			buildActionMask = 2147483647;
			files = (
			);
			runOnlyForDeploymentPostprocessing = 0;
		};
/* End PBXResourcesBuildPhase section */

/* Begin PBXSourcesBuildPhase section */
		FCC055681A8702CD00C9336C /* Sources */ = {
			isa = PBXSourcesBuildPhase;
			buildActionMask = 2147483647;
			files = (
				FCC055781A8702CD00C9336C /* ViewController.m in Sources */,
				FCC055751A8702CD00C9336C /* AppDelegate.m in Sources */,
				FCC0559D1A871B9700C9336C /* SKTableViewCell.m in Sources */,
				FCC055971A87058F00C9336C /* SKTableViewDataSource.m in Sources */,
				FCC055721A8702CD00C9336C /* main.m in Sources */,
			);
			runOnlyForDeploymentPostprocessing = 0;
		};
		FCC055811A8702CD00C9336C /* Sources */ = {
			isa = PBXSourcesBuildPhase;
			buildActionMask = 2147483647;
			files = (
				FCC0558C1A8702CD00C9336C /* ScoreKeeperTableViewTests.m in Sources */,
			);
			runOnlyForDeploymentPostprocessing = 0;
		};
/* End PBXSourcesBuildPhase section */

/* Begin PBXTargetDependency section */
		FCC055871A8702CD00C9336C /* PBXTargetDependency */ = {
			isa = PBXTargetDependency;
			target = FCC0556B1A8702CD00C9336C /* ScoreKeeperTableView */;
			targetProxy = FCC055861A8702CD00C9336C /* PBXContainerItemProxy */;
		};
/* End PBXTargetDependency section */

/* Begin PBXVariantGroup section */
		FCC055791A8702CD00C9336C /* Main.storyboard */ = {
			isa = PBXVariantGroup;
			children = (
				FCC0557A1A8702CD00C9336C /* Base */,
			);
			name = Main.storyboard;
			sourceTree = "<group>";
		};
		FCC0557E1A8702CD00C9336C /* LaunchScreen.xib */ = {
			isa = PBXVariantGroup;
			children = (
				FCC0557F1A8702CD00C9336C /* Base */,
			);
			name = LaunchScreen.xib;
			sourceTree = "<group>";
		};
/* End PBXVariantGroup section */

/* Begin XCBuildConfiguration section */
		FCC0558D1A8702CD00C9336C /* Debug */ = {
			isa = XCBuildConfiguration;
			buildSettings = {
				ALWAYS_SEARCH_USER_PATHS = NO;
				CLANG_CXX_LANGUAGE_STANDARD = "gnu++0x";
				CLANG_CXX_LIBRARY = "libc++";
				CLANG_ENABLE_MODULES = YES;
				CLANG_ENABLE_OBJC_ARC = YES;
				CLANG_WARN_BOOL_CONVERSION = YES;
				CLANG_WARN_CONSTANT_CONVERSION = YES;
				CLANG_WARN_DIRECT_OBJC_ISA_USAGE = YES_ERROR;
				CLANG_WARN_EMPTY_BODY = YES;
				CLANG_WARN_ENUM_CONVERSION = YES;
				CLANG_WARN_INT_CONVERSION = YES;
				CLANG_WARN_OBJC_ROOT_CLASS = YES_ERROR;
				CLANG_WARN_UNREACHABLE_CODE = YES;
				CLANG_WARN__DUPLICATE_METHOD_MATCH = YES;
				"CODE_SIGN_IDENTITY[sdk=iphoneos*]" = "iPhone Developer";
				COPY_PHASE_STRIP = NO;
				ENABLE_STRICT_OBJC_MSGSEND = YES;
				GCC_C_LANGUAGE_STANDARD = gnu99;
				GCC_DYNAMIC_NO_PIC = NO;
				GCC_OPTIMIZATION_LEVEL = 0;
				GCC_PREPROCESSOR_DEFINITIONS = (
					"DEBUG=1",
					"$(inherited)",
				);
				GCC_SYMBOLS_PRIVATE_EXTERN = NO;
				GCC_WARN_64_TO_32_BIT_CONVERSION = YES;
				GCC_WARN_ABOUT_RETURN_TYPE = YES_ERROR;
				GCC_WARN_UNDECLARED_SELECTOR = YES;
				GCC_WARN_UNINITIALIZED_AUTOS = YES_AGGRESSIVE;
				GCC_WARN_UNUSED_FUNCTION = YES;
				GCC_WARN_UNUSED_VARIABLE = YES;
				IPHONEOS_DEPLOYMENT_TARGET = 8.1;
				MTL_ENABLE_DEBUG_INFO = YES;
				ONLY_ACTIVE_ARCH = YES;
				SDKROOT = iphoneos;
			};
			name = Debug;
		};
		FCC0558E1A8702CD00C9336C /* Release */ = {
			isa = XCBuildConfiguration;
			buildSettings = {
				ALWAYS_SEARCH_USER_PATHS = NO;
				CLANG_CXX_LANGUAGE_STANDARD = "gnu++0x";
				CLANG_CXX_LIBRARY = "libc++";
				CLANG_ENABLE_MODULES = YES;
				CLANG_ENABLE_OBJC_ARC = YES;
				CLANG_WARN_BOOL_CONVERSION = YES;
				CLANG_WARN_CONSTANT_CONVERSION = YES;
				CLANG_WARN_DIRECT_OBJC_ISA_USAGE = YES_ERROR;
				CLANG_WARN_EMPTY_BODY = YES;
				CLANG_WARN_ENUM_CONVERSION = YES;
				CLANG_WARN_INT_CONVERSION = YES;
				CLANG_WARN_OBJC_ROOT_CLASS = YES_ERROR;
				CLANG_WARN_UNREACHABLE_CODE = YES;
				CLANG_WARN__DUPLICATE_METHOD_MATCH = YES;
				"CODE_SIGN_IDENTITY[sdk=iphoneos*]" = "iPhone Developer";
				COPY_PHASE_STRIP = YES;
				ENABLE_NS_ASSERTIONS = NO;
				ENABLE_STRICT_OBJC_MSGSEND = YES;
				GCC_C_LANGUAGE_STANDARD = gnu99;
				GCC_WARN_64_TO_32_BIT_CONVERSION = YES;
				GCC_WARN_ABOUT_RETURN_TYPE = YES_ERROR;
				GCC_WARN_UNDECLARED_SELECTOR = YES;
				GCC_WARN_UNINITIALIZED_AUTOS = YES_AGGRESSIVE;
				GCC_WARN_UNUSED_FUNCTION = YES;
				GCC_WARN_UNUSED_VARIABLE = YES;
				IPHONEOS_DEPLOYMENT_TARGET = 8.1;
				MTL_ENABLE_DEBUG_INFO = NO;
				SDKROOT = iphoneos;
				VALIDATE_PRODUCT = YES;
			};
			name = Release;
		};
		FCC055901A8702CD00C9336C /* Debug */ = {
			isa = XCBuildConfiguration;
			buildSettings = {
				ASSETCATALOG_COMPILER_APPICON_NAME = AppIcon;
				INFOPLIST_FILE = ScoreKeeperTableView/Info.plist;
				LD_RUNPATH_SEARCH_PATHS = "$(inherited) @executable_path/Frameworks";
				PRODUCT_NAME = "$(TARGET_NAME)";
			};
			name = Debug;
		};
		FCC055911A8702CD00C9336C /* Release */ = {
			isa = XCBuildConfiguration;
			buildSettings = {
				ASSETCATALOG_COMPILER_APPICON_NAME = AppIcon;
				INFOPLIST_FILE = ScoreKeeperTableView/Info.plist;
				LD_RUNPATH_SEARCH_PATHS = "$(inherited) @executable_path/Frameworks";
				PRODUCT_NAME = "$(TARGET_NAME)";
			};
			name = Release;
		};
		FCC055931A8702CD00C9336C /* Debug */ = {
			isa = XCBuildConfiguration;
			buildSettings = {
				BUNDLE_LOADER = "$(TEST_HOST)";
				FRAMEWORK_SEARCH_PATHS = (
					"$(SDKROOT)/Developer/Library/Frameworks",
					"$(inherited)",
				);
				GCC_PREPROCESSOR_DEFINITIONS = (
					"DEBUG=1",
					"$(inherited)",
				);
				INFOPLIST_FILE = ScoreKeeperTableViewTests/Info.plist;
				LD_RUNPATH_SEARCH_PATHS = "$(inherited) @executable_path/Frameworks @loader_path/Frameworks";
				PRODUCT_NAME = "$(TARGET_NAME)";
				TEST_HOST = "$(BUILT_PRODUCTS_DIR)/ScoreKeeperTableView.app/ScoreKeeperTableView";
			};
			name = Debug;
		};
		FCC055941A8702CD00C9336C /* Release */ = {
			isa = XCBuildConfiguration;
			buildSettings = {
				BUNDLE_LOADER = "$(TEST_HOST)";
				FRAMEWORK_SEARCH_PATHS = (
					"$(SDKROOT)/Developer/Library/Frameworks",
					"$(inherited)",
				);
				INFOPLIST_FILE = ScoreKeeperTableViewTests/Info.plist;
				LD_RUNPATH_SEARCH_PATHS = "$(inherited) @executable_path/Frameworks @loader_path/Frameworks";
				PRODUCT_NAME = "$(TARGET_NAME)";
				TEST_HOST = "$(BUILT_PRODUCTS_DIR)/ScoreKeeperTableView.app/ScoreKeeperTableView";
			};
			name = Release;
		};
/* End XCBuildConfiguration section */

/* Begin XCConfigurationList section */
		FCC055671A8702CD00C9336C /* Build configuration list for PBXProject "ScoreKeeperTableView" */ = {
			isa = XCConfigurationList;
			buildConfigurations = (
				FCC0558D1A8702CD00C9336C /* Debug */,
				FCC0558E1A8702CD00C9336C /* Release */,
			);
			defaultConfigurationIsVisible = 0;
			defaultConfigurationName = Release;
		};
		FCC0558F1A8702CD00C9336C /* Build configuration list for PBXNativeTarget "ScoreKeeperTableView" */ = {
			isa = XCConfigurationList;
			buildConfigurations = (
				FCC055901A8702CD00C9336C /* Debug */,
				FCC055911A8702CD00C9336C /* Release */,
			);
			defaultConfigurationIsVisible = 0;
		};
		FCC055921A8702CD00C9336C /* Build configuration list for PBXNativeTarget "ScoreKeeperTableViewTests" */ = {
			isa = XCConfigurationList;
			buildConfigurations = (
				FCC055931A8702CD00C9336C /* Debug */,
				FCC055941A8702CD00C9336C /* Release */,
			);
			defaultConfigurationIsVisible = 0;
		};
/* End XCConfigurationList section */
	};
	rootObject = FCC055641A8702CD00C9336C /* Project object */;
}
